
Microsoft Visual Studio Solution File, Format Version 12.00
# Visual Studio Version 16
VisualStudioVersion = 16.0.30309.148
MinimumVisualStudioVersion = 10.0.40219.1
Project("{FAE04EC0-301F-11D3-BF4B-00C04F79EFBC}") = "Exercise_1", "Exercise_1\Exercise_1.csproj", "{21E1CBCF-3E5F-481E-9772-406759E1691C}"
EndProject
Project("{FAE04EC0-301F-11D3-BF4B-00C04F79EFBC}") = "Exercise_2", "Exercise_2\Exercise_2.csproj", "{085D2451-550B-4E5B-857E-E4F930E2F02B}"
EndProject
Project("{FAE04EC0-301F-11D3-BF4B-00C04F79EFBC}") = "Exercise_3", "Exercise_3\Exercise_3.csproj", "{06A27150-22D5-4C9B-829D-8915A0E7840D}"
EndProject
Global
	GlobalSection(SolutionConfigurationPlatforms) = preSolution
		Debug|Any CPU = Debug|Any CPU
		Release|Any CPU = Release|Any CPU
	EndGlobalSection
	GlobalSection(ProjectConfigurationPlatforms) = postSolution
		{21E1CBCF-3E5F-481E-9772-406759E1691C}.Debug|Any CPU.ActiveCfg = Debug|Any CPU
		{21E1CBCF-3E5F-481E-9772-406759E1691C}.Debug|Any CPU.Build.0 = Debug|Any CPU
		{21E1CBCF-3E5F-481E-9772-406759E1691C}.Release|Any CPU.ActiveCfg = Release|Any CPU
		{21E1CBCF-3E5F-481E-9772-406759E1691C}.Release|Any CPU.Build.0 = Release|Any CPU
		{085D2451-550B-4E5B-857E-E4F930E2F02B}.Debug|Any CPU.ActiveCfg = Debug|Any CPU
		{085D2451-550B-4E5B-857E-E4F930E2F02B}.Debug|Any CPU.Build.0 = Debug|Any CPU
		{085D2451-550B-4E5B-857E-E4F930E2F02B}.Release|Any CPU.ActiveCfg = Release|Any CPU
		{085D2451-550B-4E5B-857E-E4F930E2F02B}.Release|Any CPU.Build.0 = Release|Any CPU
		{06A27150-22D5-4C9B-829D-8915A0E7840D}.Debug|Any CPU.ActiveCfg = Debug|Any CPU
		{06A27150-22D5-4C9B-829D-8915A0E7840D}.Debug|Any CPU.Build.0 = Debug|Any CPU
		{06A27150-22D5-4C9B-829D-8915A0E7840D}.Release|Any CPU.ActiveCfg = Release|Any CPU
		{06A27150-22D5-4C9B-829D-8915A0E7840D}.Release|Any CPU.Build.0 = Release|Any CPU
	EndGlobalSection
	GlobalSection(SolutionProperties) = preSolution
		HideSolutionNode = FALSE
	EndGlobalSection
	GlobalSection(ExtensibilityGlobals) = postSolution
		SolutionGuid = {BF1B1BBD-E2BA-4C28-B4A0-234E72821C74}
	EndGlobalSection
EndGlobal
