
Microsoft Visual Studio Solution File, Format Version 12.00
# Visual Studio Version 16
VisualStudioVersion = 16.0.30309.148
MinimumVisualStudioVersion = 10.0.40219.1
Project("{9A19103F-16F7-4668-BE54-9A1E7A4F7556}") = "FindAndSort", "FindAndSort\FindAndSort.csproj", "{C39C6DF4-F4BB-4AB0-97E5-AF8DC2DEC004}"
EndProject
Project("{9A19103F-16F7-4668-BE54-9A1E7A4F7556}") = "Person_School", "Person_School\Person_School.csproj", "{80D55224-33E8-4141-BB02-45D7FD241348}"
EndProject
Project("{9A19103F-16F7-4668-BE54-9A1E7A4F7556}") = "Product", "Product\Product.csproj", "{0385B9F1-4B54-4845-AF02-579FBD1CB1BC}"
EndProject
Project("{FAE04EC0-301F-11D3-BF4B-00C04F79EFBC}") = "IOFile", "IOFile\IOFile.csproj", "{54AEA654-193A-4F4C-AA74-F8108D9693A3}"
EndProject
Global
	GlobalSection(SolutionConfigurationPlatforms) = preSolution
		Debug|Any CPU = Debug|Any CPU
		Release|Any CPU = Release|Any CPU
	EndGlobalSection
	GlobalSection(ProjectConfigurationPlatforms) = postSolution
		{C39C6DF4-F4BB-4AB0-97E5-AF8DC2DEC004}.Debug|Any CPU.ActiveCfg = Debug|Any CPU
		{C39C6DF4-F4BB-4AB0-97E5-AF8DC2DEC004}.Debug|Any CPU.Build.0 = Debug|Any CPU
		{C39C6DF4-F4BB-4AB0-97E5-AF8DC2DEC004}.Release|Any CPU.ActiveCfg = Release|Any CPU
		{C39C6DF4-F4BB-4AB0-97E5-AF8DC2DEC004}.Release|Any CPU.Build.0 = Release|Any CPU
		{80D55224-33E8-4141-BB02-45D7FD241348}.Debug|Any CPU.ActiveCfg = Debug|Any CPU
		{80D55224-33E8-4141-BB02-45D7FD241348}.Debug|Any CPU.Build.0 = Debug|Any CPU
		{80D55224-33E8-4141-BB02-45D7FD241348}.Release|Any CPU.ActiveCfg = Release|Any CPU
		{80D55224-33E8-4141-BB02-45D7FD241348}.Release|Any CPU.Build.0 = Release|Any CPU
		{0385B9F1-4B54-4845-AF02-579FBD1CB1BC}.Debug|Any CPU.ActiveCfg = Debug|Any CPU
		{0385B9F1-4B54-4845-AF02-579FBD1CB1BC}.Debug|Any CPU.Build.0 = Debug|Any CPU
		{0385B9F1-4B54-4845-AF02-579FBD1CB1BC}.Release|Any CPU.ActiveCfg = Release|Any CPU
		{0385B9F1-4B54-4845-AF02-579FBD1CB1BC}.Release|Any CPU.Build.0 = Release|Any CPU
		{54AEA654-193A-4F4C-AA74-F8108D9693A3}.Debug|Any CPU.ActiveCfg = Debug|Any CPU
		{54AEA654-193A-4F4C-AA74-F8108D9693A3}.Debug|Any CPU.Build.0 = Debug|Any CPU
		{54AEA654-193A-4F4C-AA74-F8108D9693A3}.Release|Any CPU.ActiveCfg = Release|Any CPU
		{54AEA654-193A-4F4C-AA74-F8108D9693A3}.Release|Any CPU.Build.0 = Release|Any CPU
	EndGlobalSection
	GlobalSection(SolutionProperties) = preSolution
		HideSolutionNode = FALSE
	EndGlobalSection
	GlobalSection(ExtensibilityGlobals) = postSolution
		SolutionGuid = {793D25A8-7123-4403-9979-43AA6A829B09}
	EndGlobalSection
EndGlobal
